github.com/jason0x43/go-toggl v0.0.0-20210518224841-9af0e37bf5f1 h1:W2mydbDZq4Yn10h/EXULkfsM6tR4KOQbyu+5oxriTnM=
github.com/jason0x43/go-toggl v0.0.0-20210518224841-9af0e37bf5f1/go.mod h1:f3LrObBTMa7Yh1QzNvHKazJjH3Ys8n95y9bwLoIFy/g=
github.com/joho/godotenv v1.4.0 h1:3l4+N6zfMWnkbPEXKng2o2/MR5mSwTrBih4ZEkkz1lg=
github.com/joho/godotenv v1.4.0/go.mod h1:f4LDr5Voq0i2e/R5DDNOoa2zzDfwtkZa6DnEwAbqwq4=
